
Microsoft Visual Studio Solution File, Format Version 12.00
# Visual Studio Version 17
VisualStudioVersion = 17.14.36203.30 d17.14
MinimumVisualStudioVersion = 10.0.40219.1
Project("{FAE04EC0-301F-11D3-BF4B-00C04F79EFBC}") = "OrderApi.Domain", "OrderApi.Domain\OrderApi.Domain.csproj", "{0EE939A9-4A85-4C82-891F-92C6B3AE39AF}"
EndProject
Project("{FAE04EC0-301F-11D3-BF4B-00C04F79EFBC}") = "OrderApi.Application", "OrderApi.Application\OrderApi.Application.csproj", "{93FD89B2-AEE7-4D60-B22A-873DD9F3B640}"
EndProject
Project("{FAE04EC0-301F-11D3-BF4B-00C04F79EFBC}") = "OrderApi.Infrastructure", "OrderApi.Infrastructure\OrderApi.Infrastructure.csproj", "{C1146DF9-4CA4-4B57-9A25-9182903EA3F9}"
EndProject
Project("{FAE04EC0-301F-11D3-BF4B-00C04F79EFBC}") = "OrderApi.Presentation", "OrderApi.Presentation\OrderApi.Presentation.csproj", "{3A3CB0B7-C264-4631-869D-E883E373C4CF}"
EndProject
Project("{FAE04EC0-301F-11D3-BF4B-00C04F79EFBC}") = "SharedLibrary", "..\SharedLibrary\SharedLibrary.csproj", "{970BDAF3-119F-EBBA-A3A8-28A80F1DF622}"
EndProject
Global
	GlobalSection(SolutionConfigurationPlatforms) = preSolution
		Debug|Any CPU = Debug|Any CPU
		Release|Any CPU = Release|Any CPU
	EndGlobalSection
	GlobalSection(ProjectConfigurationPlatforms) = postSolution
		{0EE939A9-4A85-4C82-891F-92C6B3AE39AF}.Debug|Any CPU.ActiveCfg = Debug|Any CPU
		{0EE939A9-4A85-4C82-891F-92C6B3AE39AF}.Debug|Any CPU.Build.0 = Debug|Any CPU
		{0EE939A9-4A85-4C82-891F-92C6B3AE39AF}.Release|Any CPU.ActiveCfg = Release|Any CPU
		{0EE939A9-4A85-4C82-891F-92C6B3AE39AF}.Release|Any CPU.Build.0 = Release|Any CPU
		{93FD89B2-AEE7-4D60-B22A-873DD9F3B640}.Debug|Any CPU.ActiveCfg = Debug|Any CPU
		{93FD89B2-AEE7-4D60-B22A-873DD9F3B640}.Debug|Any CPU.Build.0 = Debug|Any CPU
		{93FD89B2-AEE7-4D60-B22A-873DD9F3B640}.Release|Any CPU.ActiveCfg = Release|Any CPU
		{93FD89B2-AEE7-4D60-B22A-873DD9F3B640}.Release|Any CPU.Build.0 = Release|Any CPU
		{C1146DF9-4CA4-4B57-9A25-9182903EA3F9}.Debug|Any CPU.ActiveCfg = Debug|Any CPU
		{C1146DF9-4CA4-4B57-9A25-9182903EA3F9}.Debug|Any CPU.Build.0 = Debug|Any CPU
		{C1146DF9-4CA4-4B57-9A25-9182903EA3F9}.Release|Any CPU.ActiveCfg = Release|Any CPU
		{C1146DF9-4CA4-4B57-9A25-9182903EA3F9}.Release|Any CPU.Build.0 = Release|Any CPU
		{3A3CB0B7-C264-4631-869D-E883E373C4CF}.Debug|Any CPU.ActiveCfg = Debug|Any CPU
		{3A3CB0B7-C264-4631-869D-E883E373C4CF}.Debug|Any CPU.Build.0 = Debug|Any CPU
		{3A3CB0B7-C264-4631-869D-E883E373C4CF}.Release|Any CPU.ActiveCfg = Release|Any CPU
		{3A3CB0B7-C264-4631-869D-E883E373C4CF}.Release|Any CPU.Build.0 = Release|Any CPU
		{970BDAF3-119F-EBBA-A3A8-28A80F1DF622}.Debug|Any CPU.ActiveCfg = Debug|Any CPU
		{970BDAF3-119F-EBBA-A3A8-28A80F1DF622}.Debug|Any CPU.Build.0 = Debug|Any CPU
		{970BDAF3-119F-EBBA-A3A8-28A80F1DF622}.Release|Any CPU.ActiveCfg = Release|Any CPU
		{970BDAF3-119F-EBBA-A3A8-28A80F1DF622}.Release|Any CPU.Build.0 = Release|Any CPU
	EndGlobalSection
	GlobalSection(SolutionProperties) = preSolution
		HideSolutionNode = FALSE
	EndGlobalSection
	GlobalSection(ExtensibilityGlobals) = postSolution
		SolutionGuid = {03E0DBE6-B2AD-4B35-9D15-4B57609B76F9}
	EndGlobalSection
EndGlobal
